
Microsoft Visual Studio Solution File, Format Version 12.00
# Visual Studio 2013
VisualStudioVersion = 12.0.30723.0
MinimumVisualStudioVersion = 10.0.40219.1
Project("{FAE04EC0-301F-11D3-BF4B-00C04F79EFBC}") = "01. MusicAlbums.Catalog.Generator", "MusicAlbums.Catalog.Generator\01. MusicAlbums.Catalog.Generator.csproj", "{EB292653-D58C-473D-81A1-9CE2643A74C7}"
EndProject
Project("{FAE04EC0-301F-11D3-BF4B-00C04F79EFBC}") = "02-03. ArtistsExtracotr", "ArtistsExtracotr\02-03. ArtistsExtracotr.csproj", "{1CE6E770-B787-4606-8AF0-C40D1A9269FF}"
EndProject
Project("{FAE04EC0-301F-11D3-BF4B-00C04F79EFBC}") = "04. ExpensiveAlbumsDeleting", "ExpensiveAlbumsDeleting\04. ExpensiveAlbumsDeleting.csproj", "{34695567-8C4F-46B4-9621-AC4A11A9A3CF}"
EndProject
Project("{FAE04EC0-301F-11D3-BF4B-00C04F79EFBC}") = "05-06. SongsExtractor", "SongsExtractor\05-06. SongsExtractor.csproj", "{C9B6E0CC-F9FE-4C46-B7F0-CF9722A5E1B5}"
EndProject
Project("{FAE04EC0-301F-11D3-BF4B-00C04F79EFBC}") = "07. CreateXmlFromTextFile", "CreateXmlFromTextFile\07. CreateXmlFromTextFile.csproj", "{4804B806-63DA-4C89-8B2F-463CC9638B1C}"
EndProject
Project("{FAE04EC0-301F-11D3-BF4B-00C04F79EFBC}") = "08. AlbumXmlCreator", "AlbumXmlCreator\08. AlbumXmlCreator.csproj", "{2ED5CDEA-7CDA-45AE-876C-4C107604D2D7}"
EndProject
Global
	GlobalSection(SolutionConfigurationPlatforms) = preSolution
		Debug|Any CPU = Debug|Any CPU
		Release|Any CPU = Release|Any CPU
	EndGlobalSection
	GlobalSection(ProjectConfigurationPlatforms) = postSolution
		{EB292653-D58C-473D-81A1-9CE2643A74C7}.Debug|Any CPU.ActiveCfg = Debug|Any CPU
		{EB292653-D58C-473D-81A1-9CE2643A74C7}.Debug|Any CPU.Build.0 = Debug|Any CPU
		{EB292653-D58C-473D-81A1-9CE2643A74C7}.Release|Any CPU.ActiveCfg = Release|Any CPU
		{EB292653-D58C-473D-81A1-9CE2643A74C7}.Release|Any CPU.Build.0 = Release|Any CPU
		{1CE6E770-B787-4606-8AF0-C40D1A9269FF}.Debug|Any CPU.ActiveCfg = Debug|Any CPU
		{1CE6E770-B787-4606-8AF0-C40D1A9269FF}.Debug|Any CPU.Build.0 = Debug|Any CPU
		{1CE6E770-B787-4606-8AF0-C40D1A9269FF}.Release|Any CPU.ActiveCfg = Release|Any CPU
		{1CE6E770-B787-4606-8AF0-C40D1A9269FF}.Release|Any CPU.Build.0 = Release|Any CPU
		{34695567-8C4F-46B4-9621-AC4A11A9A3CF}.Debug|Any CPU.ActiveCfg = Debug|Any CPU
		{34695567-8C4F-46B4-9621-AC4A11A9A3CF}.Debug|Any CPU.Build.0 = Debug|Any CPU
		{34695567-8C4F-46B4-9621-AC4A11A9A3CF}.Release|Any CPU.ActiveCfg = Release|Any CPU
		{34695567-8C4F-46B4-9621-AC4A11A9A3CF}.Release|Any CPU.Build.0 = Release|Any CPU
		{C9B6E0CC-F9FE-4C46-B7F0-CF9722A5E1B5}.Debug|Any CPU.ActiveCfg = Debug|Any CPU
		{C9B6E0CC-F9FE-4C46-B7F0-CF9722A5E1B5}.Debug|Any CPU.Build.0 = Debug|Any CPU
		{C9B6E0CC-F9FE-4C46-B7F0-CF9722A5E1B5}.Release|Any CPU.ActiveCfg = Release|Any CPU
		{C9B6E0CC-F9FE-4C46-B7F0-CF9722A5E1B5}.Release|Any CPU.Build.0 = Release|Any CPU
		{4804B806-63DA-4C89-8B2F-463CC9638B1C}.Debug|Any CPU.ActiveCfg = Debug|Any CPU
		{4804B806-63DA-4C89-8B2F-463CC9638B1C}.Debug|Any CPU.Build.0 = Debug|Any CPU
		{4804B806-63DA-4C89-8B2F-463CC9638B1C}.Release|Any CPU.ActiveCfg = Release|Any CPU
		{4804B806-63DA-4C89-8B2F-463CC9638B1C}.Release|Any CPU.Build.0 = Release|Any CPU
		{2ED5CDEA-7CDA-45AE-876C-4C107604D2D7}.Debug|Any CPU.ActiveCfg = Debug|Any CPU
		{2ED5CDEA-7CDA-45AE-876C-4C107604D2D7}.Debug|Any CPU.Build.0 = Debug|Any CPU
		{2ED5CDEA-7CDA-45AE-876C-4C107604D2D7}.Release|Any CPU.ActiveCfg = Release|Any CPU
		{2ED5CDEA-7CDA-45AE-876C-4C107604D2D7}.Release|Any CPU.Build.0 = Release|Any CPU
	EndGlobalSection
	GlobalSection(SolutionProperties) = preSolution
		HideSolutionNode = FALSE
	EndGlobalSection
EndGlobal
