
Microsoft Visual Studio Solution File, Format Version 12.00
# Visual Studio 2013
VisualStudioVersion = 12.0.30723.0
MinimumVisualStudioVersion = 10.0.40219.1
Project("{FAE04EC0-301F-11D3-BF4B-00C04F79EFBC}") = "01-05.ActionsOnNorthwind", "ActionsOnNorthwind\01-05.ActionsOnNorthwind.csproj", "{C2DF0EB8-7CC8-493A-85BC-515A875C336F}"
EndProject
Project("{FAE04EC0-301F-11D3-BF4B-00C04F79EFBC}") = "06-07.ActionsOnExcel", "ActionsOnExcel\06-07.ActionsOnExcel.csproj", "{67F89469-C8B7-4FBF-8688-A24118C97D12}"
EndProject
Project("{FAE04EC0-301F-11D3-BF4B-00C04F79EFBC}") = "08.ProductWithString", "ProductWithString\08.ProductWithString.csproj", "{F18B76F2-B4A9-4D8B-9E48-4E761E253250}"
EndProject
Global
	GlobalSection(SolutionConfigurationPlatforms) = preSolution
		Debug|Any CPU = Debug|Any CPU
		Release|Any CPU = Release|Any CPU
	EndGlobalSection
	GlobalSection(ProjectConfigurationPlatforms) = postSolution
		{C2DF0EB8-7CC8-493A-85BC-515A875C336F}.Debug|Any CPU.ActiveCfg = Debug|Any CPU
		{C2DF0EB8-7CC8-493A-85BC-515A875C336F}.Debug|Any CPU.Build.0 = Debug|Any CPU
		{C2DF0EB8-7CC8-493A-85BC-515A875C336F}.Release|Any CPU.ActiveCfg = Release|Any CPU
		{C2DF0EB8-7CC8-493A-85BC-515A875C336F}.Release|Any CPU.Build.0 = Release|Any CPU
		{67F89469-C8B7-4FBF-8688-A24118C97D12}.Debug|Any CPU.ActiveCfg = Debug|Any CPU
		{67F89469-C8B7-4FBF-8688-A24118C97D12}.Debug|Any CPU.Build.0 = Debug|Any CPU
		{67F89469-C8B7-4FBF-8688-A24118C97D12}.Release|Any CPU.ActiveCfg = Release|Any CPU
		{67F89469-C8B7-4FBF-8688-A24118C97D12}.Release|Any CPU.Build.0 = Release|Any CPU
		{F18B76F2-B4A9-4D8B-9E48-4E761E253250}.Debug|Any CPU.ActiveCfg = Debug|Any CPU
		{F18B76F2-B4A9-4D8B-9E48-4E761E253250}.Debug|Any CPU.Build.0 = Debug|Any CPU
		{F18B76F2-B4A9-4D8B-9E48-4E761E253250}.Release|Any CPU.ActiveCfg = Release|Any CPU
		{F18B76F2-B4A9-4D8B-9E48-4E761E253250}.Release|Any CPU.Build.0 = Release|Any CPU
	EndGlobalSection
	GlobalSection(SolutionProperties) = preSolution
		HideSolutionNode = FALSE
	EndGlobalSection
EndGlobal
